
Microsoft Visual Studio Solution File, Format Version 12.00
# Visual Studio Version 17
VisualStudioVersion = 17.2.32630.192
MinimumVisualStudioVersion = 10.0.40219.1
Project("{FAE04EC0-301F-11D3-BF4B-00C04F79EFBC}") = "Ex01_01", "Ex01_01\Ex01_01.csproj", "{7FAC0423-257F-4D21-B4C1-BAC7A3151CD5}"
EndProject
Project("{2150E333-8FDC-42A3-9474-1A3956D46DE8}") = "Solution Items", "Solution Items", "{E93EDDAA-3010-4C25-9036-A020E0214ED5}"
	ProjectSection(SolutionItems) = preProject
		.editorconfig = .editorconfig
		.gitignore = .gitignore
	EndProjectSection
EndProject
Project("{FAE04EC0-301F-11D3-BF4B-00C04F79EFBC}") = "Ex01_02", "Ex01_02\Ex01_02.csproj", "{3E6A30B3-959C-4385-8D63-0C1811E367CC}"
EndProject
Project("{FAE04EC0-301F-11D3-BF4B-00C04F79EFBC}") = "Ex01_03", "Ex01_03\Ex01_03.csproj", "{720B6C51-4222-4BD1-BA0D-0E72F16A081D}"
EndProject
Project("{FAE04EC0-301F-11D3-BF4B-00C04F79EFBC}") = "Ex01_04", "Ex01_04\Ex01_04.csproj", "{31A36837-1FCF-4EED-ADDD-F1991652D235}"
EndProject
Project("{FAE04EC0-301F-11D3-BF4B-00C04F79EFBC}") = "Ex01_05", "Ex01_05\Ex01_05.csproj", "{05AEE4C0-9757-4C14-AC3F-9093C1AE3BE7}"
EndProject
Global
	GlobalSection(SolutionConfigurationPlatforms) = preSolution
		Debug|Any CPU = Debug|Any CPU
		Release|Any CPU = Release|Any CPU
	EndGlobalSection
	GlobalSection(ProjectConfigurationPlatforms) = postSolution
		{7FAC0423-257F-4D21-B4C1-BAC7A3151CD5}.Debug|Any CPU.ActiveCfg = Debug|Any CPU
		{7FAC0423-257F-4D21-B4C1-BAC7A3151CD5}.Debug|Any CPU.Build.0 = Debug|Any CPU
		{7FAC0423-257F-4D21-B4C1-BAC7A3151CD5}.Release|Any CPU.ActiveCfg = Release|Any CPU
		{7FAC0423-257F-4D21-B4C1-BAC7A3151CD5}.Release|Any CPU.Build.0 = Release|Any CPU
		{3E6A30B3-959C-4385-8D63-0C1811E367CC}.Debug|Any CPU.ActiveCfg = Debug|Any CPU
		{3E6A30B3-959C-4385-8D63-0C1811E367CC}.Debug|Any CPU.Build.0 = Debug|Any CPU
		{3E6A30B3-959C-4385-8D63-0C1811E367CC}.Release|Any CPU.ActiveCfg = Release|Any CPU
		{3E6A30B3-959C-4385-8D63-0C1811E367CC}.Release|Any CPU.Build.0 = Release|Any CPU
		{720B6C51-4222-4BD1-BA0D-0E72F16A081D}.Debug|Any CPU.ActiveCfg = Debug|Any CPU
		{720B6C51-4222-4BD1-BA0D-0E72F16A081D}.Debug|Any CPU.Build.0 = Debug|Any CPU
		{720B6C51-4222-4BD1-BA0D-0E72F16A081D}.Release|Any CPU.ActiveCfg = Release|Any CPU
		{720B6C51-4222-4BD1-BA0D-0E72F16A081D}.Release|Any CPU.Build.0 = Release|Any CPU
		{31A36837-1FCF-4EED-ADDD-F1991652D235}.Debug|Any CPU.ActiveCfg = Debug|Any CPU
		{31A36837-1FCF-4EED-ADDD-F1991652D235}.Debug|Any CPU.Build.0 = Debug|Any CPU
		{31A36837-1FCF-4EED-ADDD-F1991652D235}.Release|Any CPU.ActiveCfg = Release|Any CPU
		{31A36837-1FCF-4EED-ADDD-F1991652D235}.Release|Any CPU.Build.0 = Release|Any CPU
		{05AEE4C0-9757-4C14-AC3F-9093C1AE3BE7}.Debug|Any CPU.ActiveCfg = Debug|Any CPU
		{05AEE4C0-9757-4C14-AC3F-9093C1AE3BE7}.Debug|Any CPU.Build.0 = Debug|Any CPU
		{05AEE4C0-9757-4C14-AC3F-9093C1AE3BE7}.Release|Any CPU.ActiveCfg = Release|Any CPU
		{05AEE4C0-9757-4C14-AC3F-9093C1AE3BE7}.Release|Any CPU.Build.0 = Release|Any CPU
	EndGlobalSection
	GlobalSection(SolutionProperties) = preSolution
		HideSolutionNode = FALSE
	EndGlobalSection
	GlobalSection(ExtensibilityGlobals) = postSolution
		SolutionGuid = {CE6E5F84-C69D-48C7-8AD8-96A51E0154FF}
	EndGlobalSection
EndGlobal
